
Microsoft Visual Studio Solution File, Format Version 12.00
# Visual Studio Version 17
VisualStudioVersion = 17.9.34701.34
MinimumVisualStudioVersion = 10.0.40219.1
Project("{FAE04EC0-301F-11D3-BF4B-00C04F79EFBC}") = "BulkWebApi", "BulkWebApi\BulkWebApi.csproj", "{35563CFF-15E8-43D8-BBE5-350618AE6A08}"
EndProject
Project("{FAE04EC0-301F-11D3-BF4B-00C04F79EFBC}") = "BulkWebRazor", "BulkWebRazor\BulkWebRazor.csproj", "{D318FD05-2A54-48CE-A96F-F038F67136F5}"
EndProject
Global
	GlobalSection(SolutionConfigurationPlatforms) = preSolution
		Debug|Any CPU = Debug|Any CPU
		Release|Any CPU = Release|Any CPU
	EndGlobalSection
	GlobalSection(ProjectConfigurationPlatforms) = postSolution
		{35563CFF-15E8-43D8-BBE5-350618AE6A08}.Debug|Any CPU.ActiveCfg = Debug|Any CPU
		{35563CFF-15E8-43D8-BBE5-350618AE6A08}.Debug|Any CPU.Build.0 = Debug|Any CPU
		{35563CFF-15E8-43D8-BBE5-350618AE6A08}.Release|Any CPU.ActiveCfg = Release|Any CPU
		{35563CFF-15E8-43D8-BBE5-350618AE6A08}.Release|Any CPU.Build.0 = Release|Any CPU
		{D318FD05-2A54-48CE-A96F-F038F67136F5}.Debug|Any CPU.ActiveCfg = Debug|Any CPU
		{D318FD05-2A54-48CE-A96F-F038F67136F5}.Debug|Any CPU.Build.0 = Debug|Any CPU
		{D318FD05-2A54-48CE-A96F-F038F67136F5}.Release|Any CPU.ActiveCfg = Release|Any CPU
		{D318FD05-2A54-48CE-A96F-F038F67136F5}.Release|Any CPU.Build.0 = Release|Any CPU
	EndGlobalSection
	GlobalSection(SolutionProperties) = preSolution
		HideSolutionNode = FALSE
	EndGlobalSection
	GlobalSection(ExtensibilityGlobals) = postSolution
		SolutionGuid = {4BFA0CB8-DAF5-40C4-85FF-A8921AA10707}
	EndGlobalSection
EndGlobal
